// !$*UTF8*$!
{
	archiveVersion = 1;
	classes = {
	};
	objectVersion = 46;
	objects = {

/* Begin PBXBuildFile section */
		090DEF251F10AAE700EB73F1 /* main.m in Sources */ = {isa = PBXBuildFile; fileRef = 090DEF241F10AAE700EB73F1 /* main.m */; };
		090DEF281F10AAE700EB73F1 /* AppDelegate.m in Sources */ = {isa = PBXBuildFile; fileRef = 090DEF271F10AAE700EB73F1 /* AppDelegate.m */; };
		090DEF2B1F10AAE700EB73F1 /* ViewController.m in Sources */ = {isa = PBXBuildFile; fileRef = 090DEF2A1F10AAE700EB73F1 /* ViewController.m */; };
		090DEF2E1F10AAE700EB73F1 /* Main.storyboard in Resources */ = {isa = PBXBuildFile; fileRef = 090DEF2C1F10AAE700EB73F1 /* Main.storyboard */; };
		090DEF311F10AAE700EB73F1 /* Store.xcdatamodeld in Sources */ = {isa = PBXBuildFile; fileRef = 090DEF2F1F10AAE700EB73F1 /* Store.xcdatamodeld */; };
		090DEF331F10AAE700EB73F1 /* Assets.xcassets in Resources */ = {isa = PBXBuildFile; fileRef = 090DEF321F10AAE700EB73F1 /* Assets.xcassets */; };
		090DEF361F10AAE700EB73F1 /* LaunchScreen.storyboard in Resources */ = {isa = PBXBuildFile; fileRef = 090DEF341F10AAE700EB73F1 /* LaunchScreen.storyboard */; };
		090DEF411F10AAE800EB73F1 /* StoreTests.m in Sources */ = {isa = PBXBuildFile; fileRef = 090DEF401F10AAE800EB73F1 /* StoreTests.m */; };
		090DEF4C1F10AAE800EB73F1 /* StoreUITests.m in Sources */ = {isa = PBXBuildFile; fileRef = 090DEF4B1F10AAE800EB73F1 /* StoreUITests.m */; };
		090DEF5C1F10AC5500EB73F1 /* ZYSqliteTool.m in Sources */ = {isa = PBXBuildFile; fileRef = 090DEF5B1F10AC5500EB73F1 /* ZYSqliteTool.m */; };
		090DEF601F10B83100EB73F1 /* ZYSqliteToolTest.m in Sources */ = {isa = PBXBuildFile; fileRef = 090DEF5F1F10B83100EB73F1 /* ZYSqliteToolTest.m */; };
		090DEF631F10BA9300EB73F1 /* libsqlite3.tbd in Frameworks */ = {isa = PBXBuildFile; fileRef = 090DEF621F10BA9300EB73F1 /* libsqlite3.tbd */; };
/* End PBXBuildFile section */

/* Begin PBXContainerItemProxy section */
		090DEF3D1F10AAE700EB73F1 /* PBXContainerItemProxy */ = {
			isa = PBXContainerItemProxy;
			containerPortal = 090DEF181F10AAE700EB73F1 /* Project object */;
			proxyType = 1;
			remoteGlobalIDString = 090DEF1F1F10AAE700EB73F1;
			remoteInfo = Store;
		};
		090DEF481F10AAE800EB73F1 /* PBXContainerItemProxy */ = {
			isa = PBXContainerItemProxy;
			containerPortal = 090DEF181F10AAE700EB73F1 /* Project object */;
			proxyType = 1;
			remoteGlobalIDString = 090DEF1F1F10AAE700EB73F1;
			remoteInfo = Store;
		};
/* End PBXContainerItemProxy section */

/* Begin PBXFileReference section */
		090DEF201F10AAE700EB73F1 /* Store.app */ = {isa = PBXFileReference; explicitFileType = wrapper.application; includeInIndex = 0; path = Store.app; sourceTree = BUILT_PRODUCTS_DIR; };
		090DEF241F10AAE700EB73F1 /* main.m */ = {isa = PBXFileReference; lastKnownFileType = sourcecode.c.objc; path = main.m; sourceTree = "<group>"; };
		090DEF261F10AAE700EB73F1 /* AppDelegate.h */ = {isa = PBXFileReference; lastKnownFileType = sourcecode.c.h; path = AppDelegate.h; sourceTree = "<group>"; };
		090DEF271F10AAE700EB73F1 /* AppDelegate.m */ = {isa = PBXFileReference; lastKnownFileType = sourcecode.c.objc; path = AppDelegate.m; sourceTree = "<group>"; };
		090DEF291F10AAE700EB73F1 /* ViewController.h */ = {isa = PBXFileReference; lastKnownFileType = sourcecode.c.h; path = ViewController.h; sourceTree = "<group>"; };
		090DEF2A1F10AAE700EB73F1 /* ViewController.m */ = {isa = PBXFileReference; lastKnownFileType = sourcecode.c.objc; path = ViewController.m; sourceTree = "<group>"; };
		090DEF2D1F10AAE700EB73F1 /* Base */ = {isa = PBXFileReference; lastKnownFileType = file.storyboard; name = Base; path = Base.lproj/Main.storyboard; sourceTree = "<group>"; };
		090DEF301F10AAE700EB73F1 /* Store.xcdatamodel */ = {isa = PBXFileReference; lastKnownFileType = wrapper.xcdatamodel; path = Store.xcdatamodel; sourceTree = "<group>"; };
		090DEF321F10AAE700EB73F1 /* Assets.xcassets */ = {isa = PBXFileReference; lastKnownFileType = folder.assetcatalog; path = Assets.xcassets; sourceTree = "<group>"; };
		090DEF351F10AAE700EB73F1 /* Base */ = {isa = PBXFileReference; lastKnownFileType = file.storyboard; name = Base; path = Base.lproj/LaunchScreen.storyboard; sourceTree = "<group>"; };
		090DEF371F10AAE700EB73F1 /* Info.plist */ = {isa = PBXFileReference; lastKnownFileType = text.plist.xml; path = Info.plist; sourceTree = "<group>"; };
		090DEF3C1F10AAE700EB73F1 /* StoreTests.xctest */ = {isa = PBXFileReference; explicitFileType = wrapper.cfbundle; includeInIndex = 0; path = StoreTests.xctest; sourceTree = BUILT_PRODUCTS_DIR; };
		090DEF401F10AAE800EB73F1 /* StoreTests.m */ = {isa = PBXFileReference; lastKnownFileType = sourcecode.c.objc; path = StoreTests.m; sourceTree = "<group>"; };
		090DEF421F10AAE800EB73F1 /* Info.plist */ = {isa = PBXFileReference; lastKnownFileType = text.plist.xml; path = Info.plist; sourceTree = "<group>"; };
		090DEF471F10AAE800EB73F1 /* StoreUITests.xctest */ = {isa = PBXFileReference; explicitFileType = wrapper.cfbundle; includeInIndex = 0; path = StoreUITests.xctest; sourceTree = BUILT_PRODUCTS_DIR; };
		090DEF4B1F10AAE800EB73F1 /* StoreUITests.m */ = {isa = PBXFileReference; lastKnownFileType = sourcecode.c.objc; path = StoreUITests.m; sourceTree = "<group>"; };
		090DEF4D1F10AAE800EB73F1 /* Info.plist */ = {isa = PBXFileReference; lastKnownFileType = text.plist.xml; path = Info.plist; sourceTree = "<group>"; };
		090DEF5A1F10AC5500EB73F1 /* ZYSqliteTool.h */ = {isa = PBXFileReference; fileEncoding = 4; lastKnownFileType = sourcecode.c.h; path = ZYSqliteTool.h; sourceTree = "<group>"; };
		090DEF5B1F10AC5500EB73F1 /* ZYSqliteTool.m */ = {isa = PBXFileReference; fileEncoding = 4; lastKnownFileType = sourcecode.c.objc; path = ZYSqliteTool.m; sourceTree = "<group>"; };
		090DEF5F1F10B83100EB73F1 /* ZYSqliteToolTest.m */ = {isa = PBXFileReference; fileEncoding = 4; lastKnownFileType = sourcecode.c.objc; path = ZYSqliteToolTest.m; sourceTree = "<group>"; };
		090DEF621F10BA9300EB73F1 /* libsqlite3.tbd */ = {isa = PBXFileReference; lastKnownFileType = "sourcecode.text-based-dylib-definition"; name = libsqlite3.tbd; path = usr/lib/libsqlite3.tbd; sourceTree = SDKROOT; };
/* End PBXFileReference section */

/* Begin PBXFrameworksBuildPhase section */
		090DEF1D1F10AAE700EB73F1 /* Frameworks */ = {
			isa = PBXFrameworksBuildPhase;
			buildActionMask = 2147483647;
			files = (
				090DEF631F10BA9300EB73F1 /* libsqlite3.tbd in Frameworks */,
			);
			runOnlyForDeploymentPostprocessing = 0;
		};
		090DEF391F10AAE700EB73F1 /* Frameworks */ = {
			isa = PBXFrameworksBuildPhase;
			buildActionMask = 2147483647;
			files = (
			);
			runOnlyForDeploymentPostprocessing = 0;
		};
		090DEF441F10AAE800EB73F1 /* Frameworks */ = {
			isa = PBXFrameworksBuildPhase;
			buildActionMask = 2147483647;
			files = (
			);
			runOnlyForDeploymentPostprocessing = 0;
		};
/* End PBXFrameworksBuildPhase section */

/* Begin PBXGroup section */
		090DEF171F10AAE700EB73F1 = {
			isa = PBXGroup;
			children = (
				090DEF221F10AAE700EB73F1 /* Store */,
				090DEF3F1F10AAE700EB73F1 /* StoreTests */,
				090DEF4A1F10AAE800EB73F1 /* StoreUITests */,
				090DEF211F10AAE700EB73F1 /* Products */,
				090DEF611F10BA9300EB73F1 /* Frameworks */,
			);
			sourceTree = "<group>";
		};
		090DEF211F10AAE700EB73F1 /* Products */ = {
			isa = PBXGroup;
			children = (
				090DEF201F10AAE700EB73F1 /* Store.app */,
				090DEF3C1F10AAE700EB73F1 /* StoreTests.xctest */,
				090DEF471F10AAE800EB73F1 /* StoreUITests.xctest */,
			);
			name = Products;
			sourceTree = "<group>";
		};
		090DEF221F10AAE700EB73F1 /* Store */ = {
			isa = PBXGroup;
			children = (
				090DEF591F10AB2D00EB73F1 /* SqliteTool */,
				090DEF261F10AAE700EB73F1 /* AppDelegate.h */,
				090DEF271F10AAE700EB73F1 /* AppDelegate.m */,
				090DEF291F10AAE700EB73F1 /* ViewController.h */,
				090DEF2A1F10AAE700EB73F1 /* ViewController.m */,
				090DEF2C1F10AAE700EB73F1 /* Main.storyboard */,
				090DEF321F10AAE700EB73F1 /* Assets.xcassets */,
				090DEF341F10AAE700EB73F1 /* LaunchScreen.storyboard */,
				090DEF371F10AAE700EB73F1 /* Info.plist */,
				090DEF2F1F10AAE700EB73F1 /* Store.xcdatamodeld */,
				090DEF231F10AAE700EB73F1 /* Supporting Files */,
			);
			path = Store;
			sourceTree = "<group>";
		};
		090DEF231F10AAE700EB73F1 /* Supporting Files */ = {
			isa = PBXGroup;
			children = (
				090DEF241F10AAE700EB73F1 /* main.m */,
			);
			name = "Supporting Files";
			sourceTree = "<group>";
		};
		090DEF3F1F10AAE700EB73F1 /* StoreTests */ = {
			isa = PBXGroup;
			children = (
				090DEF401F10AAE800EB73F1 /* StoreTests.m */,
				090DEF5F1F10B83100EB73F1 /* ZYSqliteToolTest.m */,
				090DEF421F10AAE800EB73F1 /* Info.plist */,
			);
			path = StoreTests;
			sourceTree = "<group>";
		};
		090DEF4A1F10AAE800EB73F1 /* StoreUITests */ = {
			isa = PBXGroup;
			children = (
				090DEF4B1F10AAE800EB73F1 /* StoreUITests.m */,
				090DEF4D1F10AAE800EB73F1 /* Info.plist */,
			);
			path = StoreUITests;
			sourceTree = "<group>";
		};
		090DEF591F10AB2D00EB73F1 /* SqliteTool */ = {
			isa = PBXGroup;
			children = (
				090DEF5A1F10AC5500EB73F1 /* ZYSqliteTool.h */,
				090DEF5B1F10AC5500EB73F1 /* ZYSqliteTool.m */,
			);
			path = SqliteTool;
			sourceTree = "<group>";
		};
		090DEF611F10BA9300EB73F1 /* Frameworks */ = {
			isa = PBXGroup;
			children = (
				090DEF621F10BA9300EB73F1 /* libsqlite3.tbd */,
			);
			name = Frameworks;
			sourceTree = "<group>";
		};
/* End PBXGroup section */

/* Begin PBXNativeTarget section */
		090DEF1F1F10AAE700EB73F1 /* Store */ = {
			isa = PBXNativeTarget;
			buildConfigurationList = 090DEF501F10AAE800EB73F1 /* Build configuration list for PBXNativeTarget "Store" */;
			buildPhases = (
				090DEF1C1F10AAE700EB73F1 /* Sources */,
				090DEF1D1F10AAE700EB73F1 /* Frameworks */,
				090DEF1E1F10AAE700EB73F1 /* Resources */,
			);
			buildRules = (
			);
			dependencies = (
			);
			name = Store;
			productName = Store;
			productReference = 090DEF201F10AAE700EB73F1 /* Store.app */;
			productType = "com.apple.product-type.application";
		};
		090DEF3B1F10AAE700EB73F1 /* StoreTests */ = {
			isa = PBXNativeTarget;
			buildConfigurationList = 090DEF531F10AAE800EB73F1 /* Build configuration list for PBXNativeTarget "StoreTests" */;
			buildPhases = (
				090DEF381F10AAE700EB73F1 /* Sources */,
				090DEF391F10AAE700EB73F1 /* Frameworks */,
				090DEF3A1F10AAE700EB73F1 /* Resources */,
			);
			buildRules = (
			);
			dependencies = (
				090DEF3E1F10AAE700EB73F1 /* PBXTargetDependency */,
			);
			name = StoreTests;
			productName = StoreTests;
			productReference = 090DEF3C1F10AAE700EB73F1 /* StoreTests.xctest */;
			productType = "com.apple.product-type.bundle.unit-test";
		};
		090DEF461F10AAE800EB73F1 /* StoreUITests */ = {
			isa = PBXNativeTarget;
			buildConfigurationList = 090DEF561F10AAE800EB73F1 /* Build configuration list for PBXNativeTarget "StoreUITests" */;
			buildPhases = (
				090DEF431F10AAE800EB73F1 /* Sources */,
				090DEF441F10AAE800EB73F1 /* Frameworks */,
				090DEF451F10AAE800EB73F1 /* Resources */,
			);
			buildRules = (
			);
			dependencies = (
				090DEF491F10AAE800EB73F1 /* PBXTargetDependency */,
			);
			name = StoreUITests;
			productName = StoreUITests;
			productReference = 090DEF471F10AAE800EB73F1 /* StoreUITests.xctest */;
			productType = "com.apple.product-type.bundle.ui-testing";
		};
/* End PBXNativeTarget section */

/* Begin PBXProject section */
		090DEF181F10AAE700EB73F1 /* Project object */ = {
			isa = PBXProject;
			attributes = {
				CLASSPREFIX = ZY;
				LastUpgradeCheck = 0830;
				ORGANIZATIONNAME = "王志盼";
				TargetAttributes = {
					090DEF1F1F10AAE700EB73F1 = {
						CreatedOnToolsVersion = 8.3.2;
						DevelopmentTeam = T6FCKHRT95;
						ProvisioningStyle = Automatic;
					};
					090DEF3B1F10AAE700EB73F1 = {
						CreatedOnToolsVersion = 8.3.2;
						DevelopmentTeam = T6FCKHRT95;
						ProvisioningStyle = Automatic;
						TestTargetID = 090DEF1F1F10AAE700EB73F1;
					};
					090DEF461F10AAE800EB73F1 = {
						CreatedOnToolsVersion = 8.3.2;
						DevelopmentTeam = T6FCKHRT95;
						ProvisioningStyle = Automatic;
						TestTargetID = 090DEF1F1F10AAE700EB73F1;
					};
				};
			};
			buildConfigurationList = 090DEF1B1F10AAE700EB73F1 /* Build configuration list for PBXProject "Store" */;
			compatibilityVersion = "Xcode 3.2";
			developmentRegion = English;
			hasScannedForEncodings = 0;
			knownRegions = (
				en,
				Base,
			);
			mainGroup = 090DEF171F10AAE700EB73F1;
			productRefGroup = 090DEF211F10AAE700EB73F1 /* Products */;
			projectDirPath = "";
			projectRoot = "";
			targets = (
				090DEF1F1F10AAE700EB73F1 /* Store */,
				090DEF3B1F10AAE700EB73F1 /* StoreTests */,
				090DEF461F10AAE800EB73F1 /* StoreUITests */,
			);
		};
/* End PBXProject section */

/* Begin PBXResourcesBuildPhase section */
		090DEF1E1F10AAE700EB73F1 /* Resources */ = {
			isa = PBXResourcesBuildPhase;
			buildActionMask = 2147483647;
			files = (
				090DEF361F10AAE700EB73F1 /* LaunchScreen.storyboard in Resources */,
				090DEF331F10AAE700EB73F1 /* Assets.xcassets in Resources */,
				090DEF2E1F10AAE700EB73F1 /* Main.storyboard in Resources */,
			);
			runOnlyForDeploymentPostprocessing = 0;
		};
		090DEF3A1F10AAE700EB73F1 /* Resources */ = {
			isa = PBXResourcesBuildPhase;
			buildActionMask = 2147483647;
			files = (
			);
			runOnlyForDeploymentPostprocessing = 0;
		};
		090DEF451F10AAE800EB73F1 /* Resources */ = {
			isa = PBXResourcesBuildPhase;
			buildActionMask = 2147483647;
			files = (
			);
			runOnlyForDeploymentPostprocessing = 0;
		};
/* End PBXResourcesBuildPhase section */

/* Begin PBXSourcesBuildPhase section */
		090DEF1C1F10AAE700EB73F1 /* Sources */ = {
			isa = PBXSourcesBuildPhase;
			buildActionMask = 2147483647;
			files = (
				090DEF2B1F10AAE700EB73F1 /* ViewController.m in Sources */,
				090DEF281F10AAE700EB73F1 /* AppDelegate.m in Sources */,
				090DEF251F10AAE700EB73F1 /* main.m in Sources */,
				090DEF5C1F10AC5500EB73F1 /* ZYSqliteTool.m in Sources */,
				090DEF311F10AAE700EB73F1 /* Store.xcdatamodeld in Sources */,
			);
			runOnlyForDeploymentPostprocessing = 0;
		};
		090DEF381F10AAE700EB73F1 /* Sources */ = {
			isa = PBXSourcesBuildPhase;
			buildActionMask = 2147483647;
			files = (
				090DEF601F10B83100EB73F1 /* ZYSqliteToolTest.m in Sources */,
				090DEF411F10AAE800EB73F1 /* StoreTests.m in Sources */,
			);
			runOnlyForDeploymentPostprocessing = 0;
		};
		090DEF431F10AAE800EB73F1 /* Sources */ = {
			isa = PBXSourcesBuildPhase;
			buildActionMask = 2147483647;
			files = (
				090DEF4C1F10AAE800EB73F1 /* StoreUITests.m in Sources */,
			);
			runOnlyForDeploymentPostprocessing = 0;
		};
/* End PBXSourcesBuildPhase section */

/* Begin PBXTargetDependency section */
		090DEF3E1F10AAE700EB73F1 /* PBXTargetDependency */ = {
			isa = PBXTargetDependency;
			target = 090DEF1F1F10AAE700EB73F1 /* Store */;
			targetProxy = 090DEF3D1F10AAE700EB73F1 /* PBXContainerItemProxy */;
		};
		090DEF491F10AAE800EB73F1 /* PBXTargetDependency */ = {
			isa = PBXTargetDependency;
			target = 090DEF1F1F10AAE700EB73F1 /* Store */;
			targetProxy = 090DEF481F10AAE800EB73F1 /* PBXContainerItemProxy */;
		};
/* End PBXTargetDependency section */

/* Begin PBXVariantGroup section */
		090DEF2C1F10AAE700EB73F1 /* Main.storyboard */ = {
			isa = PBXVariantGroup;
			children = (
				090DEF2D1F10AAE700EB73F1 /* Base */,
			);
			name = Main.storyboard;
			sourceTree = "<group>";
		};
		090DEF341F10AAE700EB73F1 /* LaunchScreen.storyboard */ = {
			isa = PBXVariantGroup;
			children = (
				090DEF351F10AAE700EB73F1 /* Base */,
			);
			name = LaunchScreen.storyboard;
			sourceTree = "<group>";
		};
/* End PBXVariantGroup section */

/* Begin XCBuildConfiguration section */
		090DEF4E1F10AAE800EB73F1 /* Debug */ = {
			isa = XCBuildConfiguration;
			buildSettings = {
				ALWAYS_SEARCH_USER_PATHS = NO;
				CLANG_ANALYZER_NONNULL = YES;
				CLANG_ANALYZER_NUMBER_OBJECT_CONVERSION = YES_AGGRESSIVE;
				CLANG_CXX_LANGUAGE_STANDARD = "gnu++0x";
				CLANG_CXX_LIBRARY = "libc++";
				CLANG_ENABLE_MODULES = YES;
				CLANG_ENABLE_OBJC_ARC = YES;
				CLANG_WARN_BOOL_CONVERSION = YES;
				CLANG_WARN_CONSTANT_CONVERSION = YES;
				CLANG_WARN_DIRECT_OBJC_ISA_USAGE = YES_ERROR;
				CLANG_WARN_DOCUMENTATION_COMMENTS = YES;
				CLANG_WARN_EMPTY_BODY = YES;
				CLANG_WARN_ENUM_CONVERSION = YES;
				CLANG_WARN_INFINITE_RECURSION = YES;
				CLANG_WARN_INT_CONVERSION = YES;
				CLANG_WARN_OBJC_ROOT_CLASS = YES_ERROR;
				CLANG_WARN_SUSPICIOUS_MOVE = YES;
				CLANG_WARN_UNREACHABLE_CODE = YES;
				CLANG_WARN__DUPLICATE_METHOD_MATCH = YES;
				"CODE_SIGN_IDENTITY[sdk=iphoneos*]" = "iPhone Developer";
				COPY_PHASE_STRIP = NO;
				DEBUG_INFORMATION_FORMAT = dwarf;
				ENABLE_STRICT_OBJC_MSGSEND = YES;
				ENABLE_TESTABILITY = YES;
				GCC_C_LANGUAGE_STANDARD = gnu99;
				GCC_DYNAMIC_NO_PIC = NO;
				GCC_NO_COMMON_BLOCKS = YES;
				GCC_OPTIMIZATION_LEVEL = 0;
				GCC_PREPROCESSOR_DEFINITIONS = (
					"DEBUG=1",
					"$(inherited)",
				);
				GCC_WARN_64_TO_32_BIT_CONVERSION = YES;
				GCC_WARN_ABOUT_RETURN_TYPE = YES_ERROR;
				GCC_WARN_UNDECLARED_SELECTOR = YES;
				GCC_WARN_UNINITIALIZED_AUTOS = YES_AGGRESSIVE;
				GCC_WARN_UNUSED_FUNCTION = YES;
				GCC_WARN_UNUSED_VARIABLE = YES;
				IPHONEOS_DEPLOYMENT_TARGET = 10.3;
				MTL_ENABLE_DEBUG_INFO = YES;
				ONLY_ACTIVE_ARCH = YES;
				SDKROOT = iphoneos;
				TARGETED_DEVICE_FAMILY = "1,2";
			};
			name = Debug;
		};
		090DEF4F1F10AAE800EB73F1 /* Release */ = {
			isa = XCBuildConfiguration;
			buildSettings = {
				ALWAYS_SEARCH_USER_PATHS = NO;
				CLANG_ANALYZER_NONNULL = YES;
				CLANG_ANALYZER_NUMBER_OBJECT_CONVERSION = YES_AGGRESSIVE;
				CLANG_CXX_LANGUAGE_STANDARD = "gnu++0x";
				CLANG_CXX_LIBRARY = "libc++";
				CLANG_ENABLE_MODULES = YES;
				CLANG_ENABLE_OBJC_ARC = YES;
				CLANG_WARN_BOOL_CONVERSION = YES;
				CLANG_WARN_CONSTANT_CONVERSION = YES;
				CLANG_WARN_DIRECT_OBJC_ISA_USAGE = YES_ERROR;
				CLANG_WARN_DOCUMENTATION_COMMENTS = YES;
				CLANG_WARN_EMPTY_BODY = YES;
				CLANG_WARN_ENUM_CONVERSION = YES;
				CLANG_WARN_INFINITE_RECURSION = YES;
				CLANG_WARN_INT_CONVERSION = YES;
				CLANG_WARN_OBJC_ROOT_CLASS = YES_ERROR;
				CLANG_WARN_SUSPICIOUS_MOVE = YES;
				CLANG_WARN_UNREACHABLE_CODE = YES;
				CLANG_WARN__DUPLICATE_METHOD_MATCH = YES;
				"CODE_SIGN_IDENTITY[sdk=iphoneos*]" = "iPhone Developer";
				COPY_PHASE_STRIP = NO;
				DEBUG_INFORMATION_FORMAT = "dwarf-with-dsym";
				ENABLE_NS_ASSERTIONS = NO;
				ENABLE_STRICT_OBJC_MSGSEND = YES;
				GCC_C_LANGUAGE_STANDARD = gnu99;
				GCC_NO_COMMON_BLOCKS = YES;
				GCC_WARN_64_TO_32_BIT_CONVERSION = YES;
				GCC_WARN_ABOUT_RETURN_TYPE = YES_ERROR;
				GCC_WARN_UNDECLARED_SELECTOR = YES;
				GCC_WARN_UNINITIALIZED_AUTOS = YES_AGGRESSIVE;
				GCC_WARN_UNUSED_FUNCTION = YES;
				GCC_WARN_UNUSED_VARIABLE = YES;
				IPHONEOS_DEPLOYMENT_TARGET = 10.3;
				MTL_ENABLE_DEBUG_INFO = NO;
				SDKROOT = iphoneos;
				TARGETED_DEVICE_FAMILY = "1,2";
				VALIDATE_PRODUCT = YES;
			};
			name = Release;
		};
		090DEF511F10AAE800EB73F1 /* Debug */ = {
			isa = XCBuildConfiguration;
			buildSettings = {
				ASSETCATALOG_COMPILER_APPICON_NAME = AppIcon;
				DEVELOPMENT_TEAM = T6FCKHRT95;
				INFOPLIST_FILE = Store/Info.plist;
				LD_RUNPATH_SEARCH_PATHS = "$(inherited) @executable_path/Frameworks";
				PRODUCT_BUNDLE_IDENTIFIER = com.chutong.www.Store;
				PRODUCT_NAME = "$(TARGET_NAME)";
			};
			name = Debug;
		};
		090DEF521F10AAE800EB73F1 /* Release */ = {
			isa = XCBuildConfiguration;
			buildSettings = {
				ASSETCATALOG_COMPILER_APPICON_NAME = AppIcon;
				DEVELOPMENT_TEAM = T6FCKHRT95;
				INFOPLIST_FILE = Store/Info.plist;
				LD_RUNPATH_SEARCH_PATHS = "$(inherited) @executable_path/Frameworks";
				PRODUCT_BUNDLE_IDENTIFIER = com.chutong.www.Store;
				PRODUCT_NAME = "$(TARGET_NAME)";
			};
			name = Release;
		};
		090DEF541F10AAE800EB73F1 /* Debug */ = {
			isa = XCBuildConfiguration;
			buildSettings = {
				BUNDLE_LOADER = "$(TEST_HOST)";
				DEVELOPMENT_TEAM = T6FCKHRT95;
				INFOPLIST_FILE = StoreTests/Info.plist;
				LD_RUNPATH_SEARCH_PATHS = "$(inherited) @executable_path/Frameworks @loader_path/Frameworks";
				PRODUCT_BUNDLE_IDENTIFIER = com.chutong.www.StoreTests;
				PRODUCT_NAME = "$(TARGET_NAME)";
				TEST_HOST = "$(BUILT_PRODUCTS_DIR)/Store.app/Store";
			};
			name = Debug;
		};
		090DEF551F10AAE800EB73F1 /* Release */ = {
			isa = XCBuildConfiguration;
			buildSettings = {
				BUNDLE_LOADER = "$(TEST_HOST)";
				DEVELOPMENT_TEAM = T6FCKHRT95;
				INFOPLIST_FILE = StoreTests/Info.plist;
				LD_RUNPATH_SEARCH_PATHS = "$(inherited) @executable_path/Frameworks @loader_path/Frameworks";
				PRODUCT_BUNDLE_IDENTIFIER = com.chutong.www.StoreTests;
				PRODUCT_NAME = "$(TARGET_NAME)";
				TEST_HOST = "$(BUILT_PRODUCTS_DIR)/Store.app/Store";
			};
			name = Release;
		};
		090DEF571F10AAE800EB73F1 /* Debug */ = {
			isa = XCBuildConfiguration;
			buildSettings = {
				DEVELOPMENT_TEAM = T6FCKHRT95;
				INFOPLIST_FILE = StoreUITests/Info.plist;
				LD_RUNPATH_SEARCH_PATHS = "$(inherited) @executable_path/Frameworks @loader_path/Frameworks";
				PRODUCT_BUNDLE_IDENTIFIER = com.chutong.www.StoreUITests;
				PRODUCT_NAME = "$(TARGET_NAME)";
				TEST_TARGET_NAME = Store;
			};
			name = Debug;
		};
		090DEF581F10AAE800EB73F1 /* Release */ = {
			isa = XCBuildConfiguration;
			buildSettings = {
				DEVELOPMENT_TEAM = T6FCKHRT95;
				INFOPLIST_FILE = StoreUITests/Info.plist;
				LD_RUNPATH_SEARCH_PATHS = "$(inherited) @executable_path/Frameworks @loader_path/Frameworks";
				PRODUCT_BUNDLE_IDENTIFIER = com.chutong.www.StoreUITests;
				PRODUCT_NAME = "$(TARGET_NAME)";
				TEST_TARGET_NAME = Store;
			};
			name = Release;
		};
/* End XCBuildConfiguration section */

/* Begin XCConfigurationList section */
		090DEF1B1F10AAE700EB73F1 /* Build configuration list for PBXProject "Store" */ = {
			isa = XCConfigurationList;
			buildConfigurations = (
				090DEF4E1F10AAE800EB73F1 /* Debug */,
				090DEF4F1F10AAE800EB73F1 /* Release */,
			);
			defaultConfigurationIsVisible = 0;
			defaultConfigurationName = Release;
		};
		090DEF501F10AAE800EB73F1 /* Build configuration list for PBXNativeTarget "Store" */ = {
			isa = XCConfigurationList;
			buildConfigurations = (
				090DEF511F10AAE800EB73F1 /* Debug */,
				090DEF521F10AAE800EB73F1 /* Release */,
			);
			defaultConfigurationIsVisible = 0;
		};
		090DEF531F10AAE800EB73F1 /* Build configuration list for PBXNativeTarget "StoreTests" */ = {
			isa = XCConfigurationList;
			buildConfigurations = (
				090DEF541F10AAE800EB73F1 /* Debug */,
				090DEF551F10AAE800EB73F1 /* Release */,
			);
			defaultConfigurationIsVisible = 0;
		};
		090DEF561F10AAE800EB73F1 /* Build configuration list for PBXNativeTarget "StoreUITests" */ = {
			isa = XCConfigurationList;
			buildConfigurations = (
				090DEF571F10AAE800EB73F1 /* Debug */,
				090DEF581F10AAE800EB73F1 /* Release */,
			);
			defaultConfigurationIsVisible = 0;
		};
/* End XCConfigurationList section */

/* Begin XCVersionGroup section */
		090DEF2F1F10AAE700EB73F1 /* Store.xcdatamodeld */ = {
			isa = XCVersionGroup;
			children = (
				090DEF301F10AAE700EB73F1 /* Store.xcdatamodel */,
			);
			currentVersion = 090DEF301F10AAE700EB73F1 /* Store.xcdatamodel */;
			path = Store.xcdatamodeld;
			sourceTree = "<group>";
			versionGroupType = wrapper.xcdatamodel;
		};
/* End XCVersionGroup section */
	};
	rootObject = 090DEF181F10AAE700EB73F1 /* Project object */;
}
